
Microsoft Visual Studio Solution File, Format Version 12.00
# Visual Studio Version 16
Project("{8BC9CEB8-8B4A-11D0-8D11-00A0C91BC942}") = "Sandbox", "Sandbox\Sandbox.vcxproj", "{F4C124E3-60A1-A37E-69B9-2E55D5170AE0}"
EndProject
Project("{2150E333-8FDC-42A3-9474-1A3956D46DE8}") = "Dependencies", "Dependencies", "{53E47842-3FC8-3998-A828-34EB942B241A}"
EndProject
Project("{8BC9CEB8-8B4A-11D0-8D11-00A0C91BC942}") = "http-parser", "Macarons\vendor\libgit2\deps\http-parser\http-parser.vcxproj", "{3FBB67A7-AB70-E09C-3465-DA73A019D7A0}"
EndProject
Project("{8BC9CEB8-8B4A-11D0-8D11-00A0C91BC942}") = "libgit2", "Macarons\vendor\libgit2\libgit2.vcxproj", "{12936679-7E72-E514-878A-70EBF3E84B76}"
EndProject
Project("{8BC9CEB8-8B4A-11D0-8D11-00A0C91BC942}") = "pcre", "Macarons\vendor\libgit2\deps\pcre\pcre.vcxproj", "{2F2E9C7C-1B65-9D0D-C451-8310B067190F}"
EndProject
Project("{8BC9CEB8-8B4A-11D0-8D11-00A0C91BC942}") = "zlib", "Macarons\vendor\libgit2\deps\zlib\zlib.vcxproj", "{16CFA17C-0206-A30D-ABF2-881097081F0F}"
EndProject
Project("{8BC9CEB8-8B4A-11D0-8D11-00A0C91BC942}") = "Macarons", "Macarons\Macarons.vcxproj", "{F9BF5BA4-E58C-B6AF-0EA6-A457FAD1EB3D}"
EndProject
Global
	GlobalSection(SolutionConfigurationPlatforms) = preSolution
		Debug|x64 = Debug|x64
		Dist|x64 = Dist|x64
		Release|x64 = Release|x64
	EndGlobalSection
	GlobalSection(ProjectConfigurationPlatforms) = postSolution
		{F4C124E3-60A1-A37E-69B9-2E55D5170AE0}.Debug|x64.ActiveCfg = Debug|x64
		{F4C124E3-60A1-A37E-69B9-2E55D5170AE0}.Debug|x64.Build.0 = Debug|x64
		{F4C124E3-60A1-A37E-69B9-2E55D5170AE0}.Dist|x64.ActiveCfg = Dist|x64
		{F4C124E3-60A1-A37E-69B9-2E55D5170AE0}.Dist|x64.Build.0 = Dist|x64
		{F4C124E3-60A1-A37E-69B9-2E55D5170AE0}.Release|x64.ActiveCfg = Release|x64
		{F4C124E3-60A1-A37E-69B9-2E55D5170AE0}.Release|x64.Build.0 = Release|x64
		{3FBB67A7-AB70-E09C-3465-DA73A019D7A0}.Debug|x64.ActiveCfg = Debug|x64
		{3FBB67A7-AB70-E09C-3465-DA73A019D7A0}.Debug|x64.Build.0 = Debug|x64
		{3FBB67A7-AB70-E09C-3465-DA73A019D7A0}.Dist|x64.ActiveCfg = Dist|x64
		{3FBB67A7-AB70-E09C-3465-DA73A019D7A0}.Dist|x64.Build.0 = Dist|x64
		{3FBB67A7-AB70-E09C-3465-DA73A019D7A0}.Release|x64.ActiveCfg = Release|x64
		{3FBB67A7-AB70-E09C-3465-DA73A019D7A0}.Release|x64.Build.0 = Release|x64
		{12936679-7E72-E514-878A-70EBF3E84B76}.Debug|x64.ActiveCfg = Debug|x64
		{12936679-7E72-E514-878A-70EBF3E84B76}.Debug|x64.Build.0 = Debug|x64
		{12936679-7E72-E514-878A-70EBF3E84B76}.Dist|x64.ActiveCfg = Dist|x64
		{12936679-7E72-E514-878A-70EBF3E84B76}.Dist|x64.Build.0 = Dist|x64
		{12936679-7E72-E514-878A-70EBF3E84B76}.Release|x64.ActiveCfg = Release|x64
		{12936679-7E72-E514-878A-70EBF3E84B76}.Release|x64.Build.0 = Release|x64
		{2F2E9C7C-1B65-9D0D-C451-8310B067190F}.Debug|x64.ActiveCfg = Debug|x64
		{2F2E9C7C-1B65-9D0D-C451-8310B067190F}.Debug|x64.Build.0 = Debug|x64
		{2F2E9C7C-1B65-9D0D-C451-8310B067190F}.Dist|x64.ActiveCfg = Dist|x64
		{2F2E9C7C-1B65-9D0D-C451-8310B067190F}.Dist|x64.Build.0 = Dist|x64
		{2F2E9C7C-1B65-9D0D-C451-8310B067190F}.Release|x64.ActiveCfg = Release|x64
		{2F2E9C7C-1B65-9D0D-C451-8310B067190F}.Release|x64.Build.0 = Release|x64
		{16CFA17C-0206-A30D-ABF2-881097081F0F}.Debug|x64.ActiveCfg = Debug|x64
		{16CFA17C-0206-A30D-ABF2-881097081F0F}.Debug|x64.Build.0 = Debug|x64
		{16CFA17C-0206-A30D-ABF2-881097081F0F}.Dist|x64.ActiveCfg = Dist|x64
		{16CFA17C-0206-A30D-ABF2-881097081F0F}.Dist|x64.Build.0 = Dist|x64
		{16CFA17C-0206-A30D-ABF2-881097081F0F}.Release|x64.ActiveCfg = Release|x64
		{16CFA17C-0206-A30D-ABF2-881097081F0F}.Release|x64.Build.0 = Release|x64
		{F9BF5BA4-E58C-B6AF-0EA6-A457FAD1EB3D}.Debug|x64.ActiveCfg = Debug|x64
		{F9BF5BA4-E58C-B6AF-0EA6-A457FAD1EB3D}.Debug|x64.Build.0 = Debug|x64
		{F9BF5BA4-E58C-B6AF-0EA6-A457FAD1EB3D}.Dist|x64.ActiveCfg = Dist|x64
		{F9BF5BA4-E58C-B6AF-0EA6-A457FAD1EB3D}.Dist|x64.Build.0 = Dist|x64
		{F9BF5BA4-E58C-B6AF-0EA6-A457FAD1EB3D}.Release|x64.ActiveCfg = Release|x64
		{F9BF5BA4-E58C-B6AF-0EA6-A457FAD1EB3D}.Release|x64.Build.0 = Release|x64
	EndGlobalSection
	GlobalSection(SolutionProperties) = preSolution
		HideSolutionNode = FALSE
	EndGlobalSection
	GlobalSection(NestedProjects) = preSolution
		{3FBB67A7-AB70-E09C-3465-DA73A019D7A0} = {53E47842-3FC8-3998-A828-34EB942B241A}
		{12936679-7E72-E514-878A-70EBF3E84B76} = {53E47842-3FC8-3998-A828-34EB942B241A}
		{2F2E9C7C-1B65-9D0D-C451-8310B067190F} = {53E47842-3FC8-3998-A828-34EB942B241A}
		{16CFA17C-0206-A30D-ABF2-881097081F0F} = {53E47842-3FC8-3998-A828-34EB942B241A}
	EndGlobalSection
EndGlobal
