<?xml version="1.0" encoding="utf-8"?>
<Project ToolsVersion="4.0" xmlns="http://schemas.microsoft.com/developer/msbuild/2003">
  <ItemGroup>
    <Filter Include="Macarons">
      <UniqueIdentifier>{F9BF5BA4-E58C-B6AF-0EA6-A457FAD1EB3D}</UniqueIdentifier>
    </Filter>
    <Filter Include="Macarons\Core">
      <UniqueIdentifier>{F1C7D866-5D88-549D-26C3-9D1A92429979}</UniqueIdentifier>
    </Filter>
    <Filter Include="Macarons\Versioning">
      <UniqueIdentifier>{8C4F4518-F8B0-2226-811E-69D8ED7E59E5}</UniqueIdentifier>
    </Filter>
  </ItemGroup>
  <ItemGroup>
    <ClInclude Include="src\Macarons.h" />
    <ClInclude Include="src\Macarons\Core\Base.h">
      <Filter>Macarons\Core</Filter>
    </ClInclude>
    <ClInclude Include="src\Macarons\Core\Log.h">
      <Filter>Macarons\Core</Filter>
    </ClInclude>
    <ClInclude Include="src\mrpch.h" />
    <ClInclude Include="src\Macarons\Versioning\Reference.h" />
    <ClInclude Include="src\Macarons\Versioning\Repository.h" />
    <ClInclude Include="src\Macarons\Versioning\Branch.h" />
    <ClInclude Include="src\Macarons\Versioning\Commit.h" />
    <ClInclude Include="src\Macarons\Versioning\Tag.h" />
    <ClInclude Include="src\Macarons\Generation\Generator.h" />
    <ClInclude Include="src\Macarons\Generation\CppGenerator.h" />
  </ItemGroup>
  <ItemGroup>
    <ClCompile Include="src\Macarons\Core\Log.cpp">
      <Filter>Macarons\Core</Filter>
    </ClCompile>
    <ClCompile Include="src\mrpch.cpp" />
    <ClCompile Include="src\Macarons\Versioning\Reference.cpp" />
    <ClCompile Include="src\Macarons\Versioning\Repository.cpp" />
    <ClCompile Include="src\Macarons\Versioning\Branch.cpp" />
    <ClCompile Include="src\Macarons\Versioning\Commit.cpp" />
    <ClCompile Include="src\Macarons\Versioning\Tag.cpp" />
    <ClCompile Include="src\Macarons\Generation\CppGenerator.cpp" />
  </ItemGroup>
</Project>